
Microsoft Visual Studio Solution File, Format Version 12.00
# Visual Studio Version 17
VisualStudioVersion = 17.7.34221.43
MinimumVisualStudioVersion = 10.0.40219.1
Project("{FAE04EC0-301F-11D3-BF4B-00C04F79EFBC}") = "TaskManagement", "TaskManagement\TaskManagement.csproj", "{3A03893D-B185-4DDC-B6FC-B590DCAF0F97}"
EndProject
Global
	GlobalSection(SolutionConfigurationPlatforms) = preSolution
		Debug|Any CPU = Debug|Any CPU
		Release|Any CPU = Release|Any CPU
	EndGlobalSection
	GlobalSection(ProjectConfigurationPlatforms) = postSolution
		{3A03893D-B185-4DDC-B6FC-B590DCAF0F97}.Debug|Any CPU.ActiveCfg = Debug|Any CPU
		{3A03893D-B185-4DDC-B6FC-B590DCAF0F97}.Debug|Any CPU.Build.0 = Debug|Any CPU
		{3A03893D-B185-4DDC-B6FC-B590DCAF0F97}.Release|Any CPU.ActiveCfg = Release|Any CPU
		{3A03893D-B185-4DDC-B6FC-B590DCAF0F97}.Release|Any CPU.Build.0 = Release|Any CPU
	EndGlobalSection
	GlobalSection(SolutionProperties) = preSolution
		HideSolutionNode = FALSE
	EndGlobalSection
	GlobalSection(ExtensibilityGlobals) = postSolution
		SolutionGuid = {1218F74E-AC25-43BD-AC2B-65865C2B0CE0}
	EndGlobalSection
EndGlobal
